// !$*UTF8*$!
{
	archiveVersion = 1;
	classes = {
	};
	objectVersion = 56;
	objects = {

/* Begin PBXBuildFile section */
		10A7D9652B444CDE000AFDDF /* ImageFetcherAppApp.swift in Sources */ = {isa = PBXBuildFile; fileRef = 10A7D9642B444CDE000AFDDF /* ImageFetcherAppApp.swift */; };
		10A7D9692B444CDE000AFDDF /* Assets.xcassets in Resources */ = {isa = PBXBuildFile; fileRef = 10A7D9682B444CDE000AFDDF /* Assets.xcassets */; };
		10A7D96C2B444CDE000AFDDF /* Preview Assets.xcassets in Resources */ = {isa = PBXBuildFile; fileRef = 10A7D96B2B444CDE000AFDDF /* Preview Assets.xcassets */; };
		10A7D9742B444DC2000AFDDF /* imgurUtil in Frameworks */ = {isa = PBXBuildFile; productRef = 10A7D9732B444DC2000AFDDF /* imgurUtil */; };
		10A7D9762B444DC2000AFDDF /* ImgurUtilExec in Frameworks */ = {isa = PBXBuildFile; productRef = 10A7D9752B444DC2000AFDDF /* ImgurUtilExec */; };
		10A7D97B2B4450A2000AFDDF /* SearchView.swift in Sources */ = {isa = PBXBuildFile; fileRef = 10A7D97A2B4450A2000AFDDF /* SearchView.swift */; };
		10A7D97E2B445188000AFDDF /* EmptyStateView.swift in Sources */ = {isa = PBXBuildFile; fileRef = 10A7D97D2B445188000AFDDF /* EmptyStateView.swift */; };
		10A7D9802B4451B7000AFDDF /* ErrorStateView.swift in Sources */ = {isa = PBXBuildFile; fileRef = 10A7D97F2B4451B7000AFDDF /* ErrorStateView.swift */; };
		10A7D9822B4452AC000AFDDF /* LoadingStateView.swift in Sources */ = {isa = PBXBuildFile; fileRef = 10A7D9812B4452AC000AFDDF /* LoadingStateView.swift */; };
		10A7D9852B4452D4000AFDDF /* FetchPhase.swift in Sources */ = {isa = PBXBuildFile; fileRef = 10A7D9842B4452D4000AFDDF /* FetchPhase.swift */; };
		10A7D9872B4453D4000AFDDF /* SearchViewModel.swift in Sources */ = {isa = PBXBuildFile; fileRef = 10A7D9862B4453D4000AFDDF /* SearchViewModel.swift */; };
		10A7D98A2B4468DE000AFDDF /* Stub.swift in Sources */ = {isa = PBXBuildFile; fileRef = 10A7D9892B4468DE000AFDDF /* Stub.swift */; };
/* End PBXBuildFile section */

/* Begin PBXFileReference section */
		10A7D9612B444CDE000AFDDF /* ImageFetcherApp.app */ = {isa = PBXFileReference; explicitFileType = wrapper.application; includeInIndex = 0; path = ImageFetcherApp.app; sourceTree = BUILT_PRODUCTS_DIR; };
		10A7D9642B444CDE000AFDDF /* ImageFetcherAppApp.swift */ = {isa = PBXFileReference; lastKnownFileType = sourcecode.swift; path = ImageFetcherAppApp.swift; sourceTree = "<group>"; };
		10A7D9682B444CDE000AFDDF /* Assets.xcassets */ = {isa = PBXFileReference; lastKnownFileType = folder.assetcatalog; path = Assets.xcassets; sourceTree = "<group>"; };
		10A7D96B2B444CDE000AFDDF /* Preview Assets.xcassets */ = {isa = PBXFileReference; lastKnownFileType = folder.assetcatalog; path = "Preview Assets.xcassets"; sourceTree = "<group>"; };
		10A7D97A2B4450A2000AFDDF /* SearchView.swift */ = {isa = PBXFileReference; lastKnownFileType = sourcecode.swift; path = SearchView.swift; sourceTree = "<group>"; };
		10A7D97D2B445188000AFDDF /* EmptyStateView.swift */ = {isa = PBXFileReference; lastKnownFileType = sourcecode.swift; path = EmptyStateView.swift; sourceTree = "<group>"; };
		10A7D97F2B4451B7000AFDDF /* ErrorStateView.swift */ = {isa = PBXFileReference; lastKnownFileType = sourcecode.swift; path = ErrorStateView.swift; sourceTree = "<group>"; };
		10A7D9812B4452AC000AFDDF /* LoadingStateView.swift */ = {isa = PBXFileReference; lastKnownFileType = sourcecode.swift; path = LoadingStateView.swift; sourceTree = "<group>"; };
		10A7D9842B4452D4000AFDDF /* FetchPhase.swift */ = {isa = PBXFileReference; lastKnownFileType = sourcecode.swift; path = FetchPhase.swift; sourceTree = "<group>"; };
		10A7D9862B4453D4000AFDDF /* SearchViewModel.swift */ = {isa = PBXFileReference; lastKnownFileType = sourcecode.swift; path = SearchViewModel.swift; sourceTree = "<group>"; };
		10A7D9892B4468DE000AFDDF /* Stub.swift */ = {isa = PBXFileReference; lastKnownFileType = sourcecode.swift; path = Stub.swift; sourceTree = "<group>"; };
/* End PBXFileReference section */

/* Begin PBXFrameworksBuildPhase section */
		10A7D95E2B444CDE000AFDDF /* Frameworks */ = {
			isa = PBXFrameworksBuildPhase;
			buildActionMask = 2147483647;
			files = (
				10A7D9762B444DC2000AFDDF /* ImgurUtilExec in Frameworks */,
				10A7D9742B444DC2000AFDDF /* imgurUtil in Frameworks */,
			);
			runOnlyForDeploymentPostprocessing = 0;
		};
/* End PBXFrameworksBuildPhase section */

/* Begin PBXGroup section */
		10A7D9582B444CDE000AFDDF = {
			isa = PBXGroup;
			children = (
				10A7D9632B444CDE000AFDDF /* ImageFetcherApp */,
				10A7D9622B444CDE000AFDDF /* Products */,
			);
			sourceTree = "<group>";
		};
		10A7D9622B444CDE000AFDDF /* Products */ = {
			isa = PBXGroup;
			children = (
				10A7D9612B444CDE000AFDDF /* ImageFetcherApp.app */,
			);
			name = Products;
			sourceTree = "<group>";
		};
		10A7D9632B444CDE000AFDDF /* ImageFetcherApp */ = {
			isa = PBXGroup;
			children = (
				10A7D9882B4468C4000AFDDF /* Mocks&Stubs */,
				10A7D9832B4452C4000AFDDF /* Models */,
				10A7D9792B445010000AFDDF /* Views */,
				10A7D9782B444FA1000AFDDF /* ViewModels */,
				10A7D9642B444CDE000AFDDF /* ImageFetcherAppApp.swift */,
				10A7D9682B444CDE000AFDDF /* Assets.xcassets */,
				10A7D96A2B444CDE000AFDDF /* Preview Content */,
			);
			path = ImageFetcherApp;
			sourceTree = "<group>";
		};
		10A7D96A2B444CDE000AFDDF /* Preview Content */ = {
			isa = PBXGroup;
			children = (
				10A7D96B2B444CDE000AFDDF /* Preview Assets.xcassets */,
			);
			path = "Preview Content";
			sourceTree = "<group>";
		};
		10A7D9782B444FA1000AFDDF /* ViewModels */ = {
			isa = PBXGroup;
			children = (
				10A7D9862B4453D4000AFDDF /* SearchViewModel.swift */,
			);
			path = ViewModels;
			sourceTree = "<group>";
		};
		10A7D9792B445010000AFDDF /* Views */ = {
			isa = PBXGroup;
			children = (
				10A7D97C2B445171000AFDDF /* Comman */,
				10A7D97A2B4450A2000AFDDF /* SearchView.swift */,
			);
			path = Views;
			sourceTree = "<group>";
		};
		10A7D97C2B445171000AFDDF /* Comman */ = {
			isa = PBXGroup;
			children = (
				10A7D97D2B445188000AFDDF /* EmptyStateView.swift */,
				10A7D97F2B4451B7000AFDDF /* ErrorStateView.swift */,
				10A7D9812B4452AC000AFDDF /* LoadingStateView.swift */,
			);
			path = Comman;
			sourceTree = "<group>";
		};
		10A7D9832B4452C4000AFDDF /* Models */ = {
			isa = PBXGroup;
			children = (
				10A7D9842B4452D4000AFDDF /* FetchPhase.swift */,
			);
			path = Models;
			sourceTree = "<group>";
		};
		10A7D9882B4468C4000AFDDF /* Mocks&Stubs */ = {
			isa = PBXGroup;
			children = (
				10A7D9892B4468DE000AFDDF /* Stub.swift */,
			);
			path = "Mocks&Stubs";
			sourceTree = "<group>";
		};
/* End PBXGroup section */

/* Begin PBXNativeTarget section */
		10A7D9602B444CDE000AFDDF /* ImageFetcherApp */ = {
			isa = PBXNativeTarget;
			buildConfigurationList = 10A7D96F2B444CDE000AFDDF /* Build configuration list for PBXNativeTarget "ImageFetcherApp" */;
			buildPhases = (
				10A7D95D2B444CDE000AFDDF /* Sources */,
				10A7D95E2B444CDE000AFDDF /* Frameworks */,
				10A7D95F2B444CDE000AFDDF /* Resources */,
			);
			buildRules = (
			);
			dependencies = (
			);
			name = ImageFetcherApp;
			packageProductDependencies = (
				10A7D9732B444DC2000AFDDF /* imgurUtil */,
				10A7D9752B444DC2000AFDDF /* ImgurUtilExec */,
			);
			productName = ImageFetcherApp;
			productReference = 10A7D9612B444CDE000AFDDF /* ImageFetcherApp.app */;
			productType = "com.apple.product-type.application";
		};
/* End PBXNativeTarget section */

/* Begin PBXProject section */
		10A7D9592B444CDE000AFDDF /* Project object */ = {
			isa = PBXProject;
			attributes = {
				BuildIndependentTargetsInParallel = 1;
				LastSwiftUpdateCheck = 1510;
				LastUpgradeCheck = 1510;
				TargetAttributes = {
					10A7D9602B444CDE000AFDDF = {
						CreatedOnToolsVersion = 15.1;
					};
				};
			};
			buildConfigurationList = 10A7D95C2B444CDE000AFDDF /* Build configuration list for PBXProject "ImageFetcherApp" */;
			compatibilityVersion = "Xcode 14.0";
			developmentRegion = en;
			hasScannedForEncodings = 0;
			knownRegions = (
				en,
				Base,
			);
			mainGroup = 10A7D9582B444CDE000AFDDF;
			packageReferences = (
				10A7D9722B444DC2000AFDDF /* XCRemoteSwiftPackageReference "imgurUtil" */,
			);
			productRefGroup = 10A7D9622B444CDE000AFDDF /* Products */;
			projectDirPath = "";
			projectRoot = "";
			targets = (
				10A7D9602B444CDE000AFDDF /* ImageFetcherApp */,
			);
		};
/* End PBXProject section */

/* Begin PBXResourcesBuildPhase section */
		10A7D95F2B444CDE000AFDDF /* Resources */ = {
			isa = PBXResourcesBuildPhase;
			buildActionMask = 2147483647;
			files = (
				10A7D96C2B444CDE000AFDDF /* Preview Assets.xcassets in Resources */,
				10A7D9692B444CDE000AFDDF /* Assets.xcassets in Resources */,
			);
			runOnlyForDeploymentPostprocessing = 0;
		};
/* End PBXResourcesBuildPhase section */

/* Begin PBXSourcesBuildPhase section */
		10A7D95D2B444CDE000AFDDF /* Sources */ = {
			isa = PBXSourcesBuildPhase;
			buildActionMask = 2147483647;
			files = (
				10A7D97E2B445188000AFDDF /* EmptyStateView.swift in Sources */,
				10A7D9872B4453D4000AFDDF /* SearchViewModel.swift in Sources */,
				10A7D9802B4451B7000AFDDF /* ErrorStateView.swift in Sources */,
				10A7D98A2B4468DE000AFDDF /* Stub.swift in Sources */,
				10A7D9822B4452AC000AFDDF /* LoadingStateView.swift in Sources */,
				10A7D97B2B4450A2000AFDDF /* SearchView.swift in Sources */,
				10A7D9852B4452D4000AFDDF /* FetchPhase.swift in Sources */,
				10A7D9652B444CDE000AFDDF /* ImageFetcherAppApp.swift in Sources */,
			);
			runOnlyForDeploymentPostprocessing = 0;
		};
/* End PBXSourcesBuildPhase section */

/* Begin XCBuildConfiguration section */
		10A7D96D2B444CDE000AFDDF /* Debug */ = {
			isa = XCBuildConfiguration;
			buildSettings = {
				ALWAYS_SEARCH_USER_PATHS = NO;
				ASSETCATALOG_COMPILER_GENERATE_SWIFT_ASSET_SYMBOL_EXTENSIONS = YES;
				CLANG_ANALYZER_NONNULL = YES;
				CLANG_ANALYZER_NUMBER_OBJECT_CONVERSION = YES_AGGRESSIVE;
				CLANG_CXX_LANGUAGE_STANDARD = "gnu++20";
				CLANG_ENABLE_MODULES = YES;
				CLANG_ENABLE_OBJC_ARC = YES;
				CLANG_ENABLE_OBJC_WEAK = YES;
				CLANG_WARN_BLOCK_CAPTURE_AUTORELEASING = YES;
				CLANG_WARN_BOOL_CONVERSION = YES;
				CLANG_WARN_COMMA = YES;
				CLANG_WARN_CONSTANT_CONVERSION = YES;
				CLANG_WARN_DEPRECATED_OBJC_IMPLEMENTATIONS = YES;
				CLANG_WARN_DIRECT_OBJC_ISA_USAGE = YES_ERROR;
				CLANG_WARN_DOCUMENTATION_COMMENTS = YES;
				CLANG_WARN_EMPTY_BODY = YES;
				CLANG_WARN_ENUM_CONVERSION = YES;
				CLANG_WARN_INFINITE_RECURSION = YES;
				CLANG_WARN_INT_CONVERSION = YES;
				CLANG_WARN_NON_LITERAL_NULL_CONVERSION = YES;
				CLANG_WARN_OBJC_IMPLICIT_RETAIN_SELF = YES;
				CLANG_WARN_OBJC_LITERAL_CONVERSION = YES;
				CLANG_WARN_OBJC_ROOT_CLASS = YES_ERROR;
				CLANG_WARN_QUOTED_INCLUDE_IN_FRAMEWORK_HEADER = YES;
				CLANG_WARN_RANGE_LOOP_ANALYSIS = YES;
				CLANG_WARN_STRICT_PROTOTYPES = YES;
				CLANG_WARN_SUSPICIOUS_MOVE = YES;
				CLANG_WARN_UNGUARDED_AVAILABILITY = YES_AGGRESSIVE;
				CLANG_WARN_UNREACHABLE_CODE = YES;
				CLANG_WARN__DUPLICATE_METHOD_MATCH = YES;
				COPY_PHASE_STRIP = NO;
				DEBUG_INFORMATION_FORMAT = dwarf;
				ENABLE_STRICT_OBJC_MSGSEND = YES;
				ENABLE_TESTABILITY = YES;
				ENABLE_USER_SCRIPT_SANDBOXING = YES;
				GCC_C_LANGUAGE_STANDARD = gnu17;
				GCC_DYNAMIC_NO_PIC = NO;
				GCC_NO_COMMON_BLOCKS = YES;
				GCC_OPTIMIZATION_LEVEL = 0;
				GCC_PREPROCESSOR_DEFINITIONS = (
					"DEBUG=1",
					"$(inherited)",
				);
				GCC_WARN_64_TO_32_BIT_CONVERSION = YES;
				GCC_WARN_ABOUT_RETURN_TYPE = YES_ERROR;
				GCC_WARN_UNDECLARED_SELECTOR = YES;
				GCC_WARN_UNINITIALIZED_AUTOS = YES_AGGRESSIVE;
				GCC_WARN_UNUSED_FUNCTION = YES;
				GCC_WARN_UNUSED_VARIABLE = YES;
				IPHONEOS_DEPLOYMENT_TARGET = 17.2;
				LOCALIZATION_PREFERS_STRING_CATALOGS = YES;
				MTL_ENABLE_DEBUG_INFO = INCLUDE_SOURCE;
				MTL_FAST_MATH = YES;
				ONLY_ACTIVE_ARCH = YES;
				SDKROOT = iphoneos;
				SWIFT_ACTIVE_COMPILATION_CONDITIONS = "DEBUG $(inherited)";
				SWIFT_OPTIMIZATION_LEVEL = "-Onone";
			};
			name = Debug;
		};
		10A7D96E2B444CDE000AFDDF /* Release */ = {
			isa = XCBuildConfiguration;
			buildSettings = {
				ALWAYS_SEARCH_USER_PATHS = NO;
				ASSETCATALOG_COMPILER_GENERATE_SWIFT_ASSET_SYMBOL_EXTENSIONS = YES;
				CLANG_ANALYZER_NONNULL = YES;
				CLANG_ANALYZER_NUMBER_OBJECT_CONVERSION = YES_AGGRESSIVE;
				CLANG_CXX_LANGUAGE_STANDARD = "gnu++20";
				CLANG_ENABLE_MODULES = YES;
				CLANG_ENABLE_OBJC_ARC = YES;
				CLANG_ENABLE_OBJC_WEAK = YES;
				CLANG_WARN_BLOCK_CAPTURE_AUTORELEASING = YES;
				CLANG_WARN_BOOL_CONVERSION = YES;
				CLANG_WARN_COMMA = YES;
				CLANG_WARN_CONSTANT_CONVERSION = YES;
				CLANG_WARN_DEPRECATED_OBJC_IMPLEMENTATIONS = YES;
				CLANG_WARN_DIRECT_OBJC_ISA_USAGE = YES_ERROR;
				CLANG_WARN_DOCUMENTATION_COMMENTS = YES;
				CLANG_WARN_EMPTY_BODY = YES;
				CLANG_WARN_ENUM_CONVERSION = YES;
				CLANG_WARN_INFINITE_RECURSION = YES;
				CLANG_WARN_INT_CONVERSION = YES;
				CLANG_WARN_NON_LITERAL_NULL_CONVERSION = YES;
				CLANG_WARN_OBJC_IMPLICIT_RETAIN_SELF = YES;
				CLANG_WARN_OBJC_LITERAL_CONVERSION = YES;
				CLANG_WARN_OBJC_ROOT_CLASS = YES_ERROR;
				CLANG_WARN_QUOTED_INCLUDE_IN_FRAMEWORK_HEADER = YES;
				CLANG_WARN_RANGE_LOOP_ANALYSIS = YES;
				CLANG_WARN_STRICT_PROTOTYPES = YES;
				CLANG_WARN_SUSPICIOUS_MOVE = YES;
				CLANG_WARN_UNGUARDED_AVAILABILITY = YES_AGGRESSIVE;
				CLANG_WARN_UNREACHABLE_CODE = YES;
				CLANG_WARN__DUPLICATE_METHOD_MATCH = YES;
				COPY_PHASE_STRIP = NO;
				DEBUG_INFORMATION_FORMAT = "dwarf-with-dsym";
				ENABLE_NS_ASSERTIONS = NO;
				ENABLE_STRICT_OBJC_MSGSEND = YES;
				ENABLE_USER_SCRIPT_SANDBOXING = YES;
				GCC_C_LANGUAGE_STANDARD = gnu17;
				GCC_NO_COMMON_BLOCKS = YES;
				GCC_WARN_64_TO_32_BIT_CONVERSION = YES;
				GCC_WARN_ABOUT_RETURN_TYPE = YES_ERROR;
				GCC_WARN_UNDECLARED_SELECTOR = YES;
				GCC_WARN_UNINITIALIZED_AUTOS = YES_AGGRESSIVE;
				GCC_WARN_UNUSED_FUNCTION = YES;
				GCC_WARN_UNUSED_VARIABLE = YES;
				IPHONEOS_DEPLOYMENT_TARGET = 17.2;
				LOCALIZATION_PREFERS_STRING_CATALOGS = YES;
				MTL_ENABLE_DEBUG_INFO = NO;
				MTL_FAST_MATH = YES;
				SDKROOT = iphoneos;
				SWIFT_COMPILATION_MODE = wholemodule;
				VALIDATE_PRODUCT = YES;
			};
			name = Release;
		};
		10A7D9702B444CDE000AFDDF /* Debug */ = {
			isa = XCBuildConfiguration;
			buildSettings = {
				ASSETCATALOG_COMPILER_APPICON_NAME = AppIcon;
				ASSETCATALOG_COMPILER_GLOBAL_ACCENT_COLOR_NAME = AccentColor;
				CODE_SIGN_STYLE = Automatic;
				CURRENT_PROJECT_VERSION = 1;
				DEVELOPMENT_ASSET_PATHS = "\"ImageFetcherApp/Preview Content\"";
				DEVELOPMENT_TEAM = 54QU2WU97C;
				ENABLE_PREVIEWS = YES;
				GENERATE_INFOPLIST_FILE = YES;
				INFOPLIST_KEY_UIApplicationSceneManifest_Generation = YES;
				INFOPLIST_KEY_UIApplicationSupportsIndirectInputEvents = YES;
				INFOPLIST_KEY_UILaunchScreen_Generation = YES;
				INFOPLIST_KEY_UISupportedInterfaceOrientations_iPad = "UIInterfaceOrientationPortrait UIInterfaceOrientationPortraitUpsideDown UIInterfaceOrientationLandscapeLeft UIInterfaceOrientationLandscapeRight";
				INFOPLIST_KEY_UISupportedInterfaceOrientations_iPhone = "UIInterfaceOrientationPortrait UIInterfaceOrientationLandscapeLeft UIInterfaceOrientationLandscapeRight";
				LD_RUNPATH_SEARCH_PATHS = (
					"$(inherited)",
					"@executable_path/Frameworks",
				);
				MARKETING_VERSION = 1.0;
				PRODUCT_BUNDLE_IDENTIFIER = com.app.ImageFetcherApp;
				PRODUCT_NAME = "$(TARGET_NAME)";
				SWIFT_EMIT_LOC_STRINGS = YES;
				SWIFT_VERSION = 5.0;
				TARGETED_DEVICE_FAMILY = "1,2";
			};
			name = Debug;
		};
		10A7D9712B444CDE000AFDDF /* Release */ = {
			isa = XCBuildConfiguration;
			buildSettings = {
				ASSETCATALOG_COMPILER_APPICON_NAME = AppIcon;
				ASSETCATALOG_COMPILER_GLOBAL_ACCENT_COLOR_NAME = AccentColor;
				CODE_SIGN_STYLE = Automatic;
				CURRENT_PROJECT_VERSION = 1;
				DEVELOPMENT_ASSET_PATHS = "\"ImageFetcherApp/Preview Content\"";
				DEVELOPMENT_TEAM = 54QU2WU97C;
				ENABLE_PREVIEWS = YES;
				GENERATE_INFOPLIST_FILE = YES;
				INFOPLIST_KEY_UIApplicationSceneManifest_Generation = YES;
				INFOPLIST_KEY_UIApplicationSupportsIndirectInputEvents = YES;
				INFOPLIST_KEY_UILaunchScreen_Generation = YES;
				INFOPLIST_KEY_UISupportedInterfaceOrientations_iPad = "UIInterfaceOrientationPortrait UIInterfaceOrientationPortraitUpsideDown UIInterfaceOrientationLandscapeLeft UIInterfaceOrientationLandscapeRight";
				INFOPLIST_KEY_UISupportedInterfaceOrientations_iPhone = "UIInterfaceOrientationPortrait UIInterfaceOrientationLandscapeLeft UIInterfaceOrientationLandscapeRight";
				LD_RUNPATH_SEARCH_PATHS = (
					"$(inherited)",
					"@executable_path/Frameworks",
				);
				MARKETING_VERSION = 1.0;
				PRODUCT_BUNDLE_IDENTIFIER = com.app.ImageFetcherApp;
				PRODUCT_NAME = "$(TARGET_NAME)";
				SWIFT_EMIT_LOC_STRINGS = YES;
				SWIFT_VERSION = 5.0;
				TARGETED_DEVICE_FAMILY = "1,2";
			};
			name = Release;
		};
/* End XCBuildConfiguration section */

/* Begin XCConfigurationList section */
		10A7D95C2B444CDE000AFDDF /* Build configuration list for PBXProject "ImageFetcherApp" */ = {
			isa = XCConfigurationList;
			buildConfigurations = (
				10A7D96D2B444CDE000AFDDF /* Debug */,
				10A7D96E2B444CDE000AFDDF /* Release */,
			);
			defaultConfigurationIsVisible = 0;
			defaultConfigurationName = Release;
		};
		10A7D96F2B444CDE000AFDDF /* Build configuration list for PBXNativeTarget "ImageFetcherApp" */ = {
			isa = XCConfigurationList;
			buildConfigurations = (
				10A7D9702B444CDE000AFDDF /* Debug */,
				10A7D9712B444CDE000AFDDF /* Release */,
			);
			defaultConfigurationIsVisible = 0;
			defaultConfigurationName = Release;
		};
/* End XCConfigurationList section */

/* Begin XCRemoteSwiftPackageReference section */
		10A7D9722B444DC2000AFDDF /* XCRemoteSwiftPackageReference "imgurUtil" */ = {
			isa = XCRemoteSwiftPackageReference;
			repositoryURL = "https://github.com/NamanVaishnav/imgurUtil";
			requirement = {
				branch = main;
				kind = branch;
			};
		};
/* End XCRemoteSwiftPackageReference section */

/* Begin XCSwiftPackageProductDependency section */
		10A7D9732B444DC2000AFDDF /* imgurUtil */ = {
			isa = XCSwiftPackageProductDependency;
			package = 10A7D9722B444DC2000AFDDF /* XCRemoteSwiftPackageReference "imgurUtil" */;
			productName = imgurUtil;
		};
		10A7D9752B444DC2000AFDDF /* ImgurUtilExec */ = {
			isa = XCSwiftPackageProductDependency;
			package = 10A7D9722B444DC2000AFDDF /* XCRemoteSwiftPackageReference "imgurUtil" */;
			productName = ImgurUtilExec;
		};
/* End XCSwiftPackageProductDependency section */
	};
	rootObject = 10A7D9592B444CDE000AFDDF /* Project object */;
}
